# THIS IS AN AUTOGENERATED FILE. DO NOT EDIT THIS FILE DIRECTLY.
# yarn lockfile v1


"@msgpack/msgpack@^2.3.0":
  version "2.3.0"
  resolved "https://registry.npm.taobao.org/@msgpack/msgpack/download/@msgpack/msgpack-2.3.0.tgz#a9043b920837b2dd63482e7bf6b8345813e9816b"
  integrity sha1-qQQ7kgg3st1jSC579rg0WBPpgWs=
